
Microsoft Visual Studio Solution File, Format Version 12.00
# Visual Studio 14
VisualStudioVersion = 14.0.25123.0
MinimumVisualStudioVersion = 10.0.40219.1
Project("{FAE04EC0-301F-11D3-BF4B-00C04F79EFBC}") = "TopAmsMakelaars", "TopAmsMakelaars\TopAmsMakelaars.csproj", "{7D20A172-8BEE-4ADB-A93A-4A6E425FE028}"
EndProject
Project("{FAE04EC0-301F-11D3-BF4B-00C04F79EFBC}") = "TopAmsMakelaars.Test", "TopAmsMakelaars.Test\TopAmsMakelaars.Test.csproj", "{424E4601-4554-4597-BEEE-88CDEA051D00}"
EndProject
Global
	GlobalSection(SolutionConfigurationPlatforms) = preSolution
		Debug|Any CPU = Debug|Any CPU
		Debug|x64 = Debug|x64
		Release|Any CPU = Release|Any CPU
		Release|x64 = Release|x64
	EndGlobalSection
	GlobalSection(ProjectConfigurationPlatforms) = postSolution
		{7D20A172-8BEE-4ADB-A93A-4A6E425FE028}.Debug|Any CPU.ActiveCfg = Debug|Any CPU
		{7D20A172-8BEE-4ADB-A93A-4A6E425FE028}.Debug|Any CPU.Build.0 = Debug|Any CPU
		{7D20A172-8BEE-4ADB-A93A-4A6E425FE028}.Debug|x64.ActiveCfg = Debug|Any CPU
		{7D20A172-8BEE-4ADB-A93A-4A6E425FE028}.Debug|x64.Build.0 = Debug|Any CPU
		{7D20A172-8BEE-4ADB-A93A-4A6E425FE028}.Release|Any CPU.ActiveCfg = Release|Any CPU
		{7D20A172-8BEE-4ADB-A93A-4A6E425FE028}.Release|Any CPU.Build.0 = Release|Any CPU
		{7D20A172-8BEE-4ADB-A93A-4A6E425FE028}.Release|x64.ActiveCfg = Release|x64
		{7D20A172-8BEE-4ADB-A93A-4A6E425FE028}.Release|x64.Build.0 = Release|x64
		{424E4601-4554-4597-BEEE-88CDEA051D00}.Debug|Any CPU.ActiveCfg = Debug|Any CPU
		{424E4601-4554-4597-BEEE-88CDEA051D00}.Debug|Any CPU.Build.0 = Debug|Any CPU
		{424E4601-4554-4597-BEEE-88CDEA051D00}.Debug|x64.ActiveCfg = Debug|Any CPU
		{424E4601-4554-4597-BEEE-88CDEA051D00}.Debug|x64.Build.0 = Debug|Any CPU
		{424E4601-4554-4597-BEEE-88CDEA051D00}.Release|Any CPU.ActiveCfg = Release|Any CPU
		{424E4601-4554-4597-BEEE-88CDEA051D00}.Release|Any CPU.Build.0 = Release|Any CPU
		{424E4601-4554-4597-BEEE-88CDEA051D00}.Release|x64.ActiveCfg = Release|Any CPU
		{424E4601-4554-4597-BEEE-88CDEA051D00}.Release|x64.Build.0 = Release|Any CPU
	EndGlobalSection
	GlobalSection(SolutionProperties) = preSolution
		HideSolutionNode = FALSE
	EndGlobalSection
EndGlobal
